# This file is automatically @generated by Cargo.
# It is not intended for manual editing.
version = 4

[[package]]
name = "sipi-cli"
version = "0.1.0"
dependencies = [
 "sipi-contracts",
 "sipi-types",
]

[[package]]
name = "sipi-contracts"
version = "0.1.0"

[[package]]
name = "sipi-types"
version = "0.1.0"
